{
  "name": "smoke",
  "version": "1.0.0",
  "lockfileVersion": 3,
  "requires": true,
  "packages": {
    "": {
      "name": "smoke",
      "version": "1.0.0",
      "dependencies": {
        "@acme/widget": "file:../13-publishing/acme-widget-1.2.0.tgz"
      }
    },
    "node_modules/@acme/widget": {
      "version": "1.2.0",
      "resolved": "file:../13-publishing/acme-widget-1.2.0.tgz",
      "integrity": "sha512-JhUqy8S1IcLMPwibB4YYnuHLiRQAR+kq348N1e/CDFS+hARW3DkKCxdGwVn0yPtaY0nTgtz7o4kZ0KeLspKmfg=="
    }
  }
}
