{
  "name": "consumer",
  "lockfileVersion": 3,
  "requires": true,
  "packages": {
    "": {
      "dependencies": {
        "toolkit": "file:../packages/toolkit"
      }
    },
    "../packages/toolkit": {
      "version": "2.1.0"
    },
    "node_modules/toolkit": {
      "resolved": "../packages/toolkit",
      "link": true
    }
  }
}
