{
  "name": "p8-security",
  "version": "1.0.0",
  "lockfileVersion": 3,
  "requires": true,
  "packages": {
    "": {
      "name": "p8-security",
      "version": "1.0.0",
      "dependencies": {
        "helmet": "^8.3.0",
        "redis": "^6.2.0",
        "undici": "^8.10.0",
        "valibot": "^1.4.2",
        "zod": "^4.4.3"
      }
    },
    "node_modules/@redis/bloom": {
      "version": "6.2.0",
      "resolved": "https://registry.npmjs.org/@redis/bloom/-/bloom-6.2.0.tgz",
      "integrity": "sha512-ggQvzpeCKnybwUrEiMVVtE1Np4vWnRfpeAaIP2MdZiVw7PHOhJrF4cONVuLRn1TkMi6ehp2OPjTOMK+8XmiQSQ==",
      "license": "MIT",
      "engines": {
        "node": ">= 20.0.0"
      },
      "peerDependencies": {
        "@redis/client": "^6.2.0"
      }
    },
    "node_modules/@redis/client": {
      "version": "6.2.0",
      "resolved": "https://registry.npmjs.org/@redis/client/-/client-6.2.0.tgz",
      "integrity": "sha512-HHszna68MTBRiDZV3Wo2wANH7Z5v/nuh+ZyCAGBce0PS8tDcg1/yzZ1vqbKbUyTdz1wB54kqZxXrnPwpR8Ivdw==",
      "license": "MIT",
      "dependencies": {
        "cluster-key-slot": "1.1.2"
      },
      "engines": {
        "node": ">= 20.0.0"
      },
      "peerDependencies": {
        "@node-rs/xxhash": "^1.1.0",
        "@opentelemetry/api": ">=1 <2"
      },
      "peerDependenciesMeta": {
        "@node-rs/xxhash": {
          "optional": true
        },
        "@opentelemetry/api": {
          "optional": true
        }
      }
    },
    "node_modules/@redis/json": {
      "version": "6.2.0",
      "resolved": "https://registry.npmjs.org/@redis/json/-/json-6.2.0.tgz",
      "integrity": "sha512-oweO7PfHWYXkgVT88K+Fm3Wx98lKYKAEXaH162gVbw1kmBOBVQHxw0Yjh1p6BYBUIQMHqLyWwYe99eK7/hD1VQ==",
      "license": "MIT",
      "engines": {
        "node": ">= 20.0.0"
      },
      "peerDependencies": {
        "@redis/client": "^6.2.0"
      }
    },
    "node_modules/@redis/search": {
      "version": "6.2.0",
      "resolved": "https://registry.npmjs.org/@redis/search/-/search-6.2.0.tgz",
      "integrity": "sha512-chLEQfalFW3+uCPE99XoIOZhcQ3eF7S3fGxgiiaPf6MMrOZHEiTvgMnXR4xXZX0yDecyoWjGYlQQKTYag/ZExg==",
      "license": "MIT",
      "engines": {
        "node": ">= 20.0.0"
      },
      "peerDependencies": {
        "@redis/client": "^6.2.0"
      }
    },
    "node_modules/@redis/time-series": {
      "version": "6.2.0",
      "resolved": "https://registry.npmjs.org/@redis/time-series/-/time-series-6.2.0.tgz",
      "integrity": "sha512-/H/eE/lnhZLZYpHGpI+ZN7TePb7isEaub8b07oQcTDQptPslVKdUFwNhUm+hQHks781oh+F1Leiip1WHh4HfWw==",
      "license": "MIT",
      "engines": {
        "node": ">= 20.0.0"
      },
      "peerDependencies": {
        "@redis/client": "^6.2.0"
      }
    },
    "node_modules/cluster-key-slot": {
      "version": "1.1.2",
      "resolved": "https://registry.npmjs.org/cluster-key-slot/-/cluster-key-slot-1.1.2.tgz",
      "integrity": "sha512-RMr0FhtfXemyinomL4hrWcYJxmX6deFdCxpJzhDttxgO1+bcCnkk+9drydLVDmAMG7NE6aN/fl4F7ucU/90gAA==",
      "license": "Apache-2.0",
      "engines": {
        "node": ">=0.10.0"
      }
    },
    "node_modules/helmet": {
      "version": "8.3.0",
      "resolved": "https://registry.npmjs.org/helmet/-/helmet-8.3.0.tgz",
      "integrity": "sha512-Qgpiaws3Sm30Av8Eah6sjMCZZwjlBu+E68rhpCWBshY1lb09HtLwj5GviX0OyQIn+ulUS0iX0AxN5n3tLZzz1w==",
      "license": "MIT",
      "engines": {
        "node": ">=18.0.0"
      },
      "funding": {
        "url": "https://github.com/sponsors/EvanHahn"
      }
    },
    "node_modules/redis": {
      "version": "6.2.0",
      "resolved": "https://registry.npmjs.org/redis/-/redis-6.2.0.tgz",
      "integrity": "sha512-BShYVyT0Gx67CE80xry5XroSSv6Vxr60yKs0HRiBbUc7kHm+bY7gvSDBBgTjuiV/reWKeZWLyA1ebC5z359wRQ==",
      "license": "MIT",
      "dependencies": {
        "@redis/bloom": "6.2.0",
        "@redis/client": "6.2.0",
        "@redis/json": "6.2.0",
        "@redis/search": "6.2.0",
        "@redis/time-series": "6.2.0"
      },
      "engines": {
        "node": ">= 20.0.0"
      }
    },
    "node_modules/undici": {
      "version": "8.10.0",
      "resolved": "https://registry.npmjs.org/undici/-/undici-8.10.0.tgz",
      "integrity": "sha512-HvltHd7avK13QIw/oLe4qoOLyoVSoafqJ2jYOrtMRBkbYT31eiBQ8O0ehRKZiEZCMEyLFQNIADpgCWC5fALvYQ==",
      "license": "MIT",
      "engines": {
        "node": ">=22.19.0"
      }
    },
    "node_modules/valibot": {
      "version": "1.4.2",
      "resolved": "https://registry.npmjs.org/valibot/-/valibot-1.4.2.tgz",
      "integrity": "sha512-gjdCvJ6d3RyHAneqxMYMW9QMCwYMb3jpOO0IyHZV1bnRHFBHrX3VkIILt5XYR0WhwHiH7Mty8ovuPZ/O3gamrg==",
      "license": "MIT",
      "peerDependencies": {
        "typescript": ">=5"
      },
      "peerDependenciesMeta": {
        "typescript": {
          "optional": true
        }
      }
    },
    "node_modules/zod": {
      "version": "4.4.3",
      "resolved": "https://registry.npmjs.org/zod/-/zod-4.4.3.tgz",
      "integrity": "sha512-ytENFjIJFl2UwYglde2jchW2Hwm4GJFLDiSXWdTrJQBIN9Fcyp7n4DhxJEiWNAJMV1/BqWfW/kkg71UDcHJyTQ==",
      "license": "MIT",
      "funding": {
        "url": "https://github.com/sponsors/colinhacks"
      }
    }
  }
}
